
Microsoft Visual Studio Solution File, Format Version 12.00
Project("{FAE04EC0-301F-11D3-BF4B-00C04F79EFBC}") = "CreatePasswordApplication.Desktop", "CreatePasswordApplication.Desktop\CreatePasswordApplication.Desktop.csproj", "{FE74B638-79D0-416C-80D5-742F323CB1DB}"
EndProject
Project("{FAE04EC0-301F-11D3-BF4B-00C04F79EFBC}") = "CreatePasswordApplication.PasswordCheckLib", "CreatePasswordApplication.PasswordCheckLib\CreatePasswordApplication.PasswordCheckLib.csproj", "{96012CC8-E103-44C9-9E15-587F0D1D8B76}"
EndProject
Global
	GlobalSection(SolutionConfigurationPlatforms) = preSolution
		Debug|Any CPU = Debug|Any CPU
		Release|Any CPU = Release|Any CPU
	EndGlobalSection
	GlobalSection(ProjectConfigurationPlatforms) = postSolution
		{FE74B638-79D0-416C-80D5-742F323CB1DB}.Debug|Any CPU.ActiveCfg = Debug|Any CPU
		{FE74B638-79D0-416C-80D5-742F323CB1DB}.Debug|Any CPU.Build.0 = Debug|Any CPU
		{FE74B638-79D0-416C-80D5-742F323CB1DB}.Release|Any CPU.ActiveCfg = Release|Any CPU
		{FE74B638-79D0-416C-80D5-742F323CB1DB}.Release|Any CPU.Build.0 = Release|Any CPU
		{96012CC8-E103-44C9-9E15-587F0D1D8B76}.Debug|Any CPU.ActiveCfg = Debug|Any CPU
		{96012CC8-E103-44C9-9E15-587F0D1D8B76}.Debug|Any CPU.Build.0 = Debug|Any CPU
		{96012CC8-E103-44C9-9E15-587F0D1D8B76}.Release|Any CPU.ActiveCfg = Release|Any CPU
		{96012CC8-E103-44C9-9E15-587F0D1D8B76}.Release|Any CPU.Build.0 = Release|Any CPU
	EndGlobalSection
EndGlobal
